
Microsoft Visual Studio Solution File, Format Version 12.00
# Visual Studio Version 16
VisualStudioVersion = 16.0.31112.23
MinimumVisualStudioVersion = 10.0.40219.1
Project("{FAE04EC0-301F-11D3-BF4B-00C04F79EFBC}") = "ConsoleApp1", "ConsoleApp1\ConsoleApp1.csproj", "{CDED196F-8637-4596-A8D9-0C4CEF8A198D}"
EndProject
Global
	GlobalSection(SolutionConfigurationPlatforms) = preSolution
		Debug|Any CPU = Debug|Any CPU
		Release|Any CPU = Release|Any CPU
	EndGlobalSection
	GlobalSection(ProjectConfigurationPlatforms) = postSolution
		{CDED196F-8637-4596-A8D9-0C4CEF8A198D}.Debug|Any CPU.ActiveCfg = Debug|Any CPU
		{CDED196F-8637-4596-A8D9-0C4CEF8A198D}.Debug|Any CPU.Build.0 = Debug|Any CPU
		{CDED196F-8637-4596-A8D9-0C4CEF8A198D}.Release|Any CPU.ActiveCfg = Release|Any CPU
		{CDED196F-8637-4596-A8D9-0C4CEF8A198D}.Release|Any CPU.Build.0 = Release|Any CPU
	EndGlobalSection
	GlobalSection(SolutionProperties) = preSolution
		HideSolutionNode = FALSE
	EndGlobalSection
	GlobalSection(ExtensibilityGlobals) = postSolution
		SolutionGuid = {74A5C683-E56F-4C88-B0C1-572A69D18395}
	EndGlobalSection
EndGlobal
